
Microsoft Visual Studio Solution File, Format Version 12.00
# Visual Studio Version 16
VisualStudioVersion = 16.0.30011.22
MinimumVisualStudioVersion = 10.0.40219.1
Project("{FAE04EC0-301F-11D3-BF4B-00C04F79EFBC}") = "LPKO-2-2-Kocourkov", "LPKO-2-2-Kocourkov\LPKO-2-2-Kocourkov.csproj", "{89890C9A-29B3-4345-BE92-363BCE2EA210}"
EndProject
Global
	GlobalSection(SolutionConfigurationPlatforms) = preSolution
		Debug|Any CPU = Debug|Any CPU
		Release|Any CPU = Release|Any CPU
	EndGlobalSection
	GlobalSection(ProjectConfigurationPlatforms) = postSolution
		{89890C9A-29B3-4345-BE92-363BCE2EA210}.Debug|Any CPU.ActiveCfg = Debug|Any CPU
		{89890C9A-29B3-4345-BE92-363BCE2EA210}.Debug|Any CPU.Build.0 = Debug|Any CPU
		{89890C9A-29B3-4345-BE92-363BCE2EA210}.Release|Any CPU.ActiveCfg = Release|Any CPU
		{89890C9A-29B3-4345-BE92-363BCE2EA210}.Release|Any CPU.Build.0 = Release|Any CPU
	EndGlobalSection
	GlobalSection(SolutionProperties) = preSolution
		HideSolutionNode = FALSE
	EndGlobalSection
	GlobalSection(ExtensibilityGlobals) = postSolution
		SolutionGuid = {C3D7433E-6CC9-49A4-B097-2AEF00194D8F}
	EndGlobalSection
EndGlobal
